
Microsoft Visual Studio Solution File, Format Version 12.00
# Visual Studio Version 17
VisualStudioVersion = 17.9.34902.65
MinimumVisualStudioVersion = 10.0.40219.1
Project("{9A19103F-16F7-4668-BE54-9A1E7A4F7556}") = "Net18Online", "Net18Online\Net18Online.csproj", "{176EA754-3C30-4884-842F-7E8EB3F2A6B2}"
EndProject
Project("{9A19103F-16F7-4668-BE54-9A1E7A4F7556}") = "MazeConsole", "MazeConsole\MazeConsole.csproj", "{4C9943FA-30D1-4324-B863-3A80BBDA449C}"
EndProject
Project("{9A19103F-16F7-4668-BE54-9A1E7A4F7556}") = "MazeCore", "MazeCore\MazeCore.csproj", "{27ECCC93-9846-4317-99E5-E367F3F13636}"
EndProject
Project("{9A19103F-16F7-4668-BE54-9A1E7A4F7556}") = "MazeCoreTest", "MazeCoreTest\MazeCoreTest.csproj", "{1386F62D-1359-46B6-91B0-A3A492BBA07C}"
EndProject
Project("{9A19103F-16F7-4668-BE54-9A1E7A4F7556}") = "TicTacToe", "TicTacToe\TicTacToe.csproj", "{1257091A-569A-43A5-887D-E12368D19E2C}"
EndProject
Project("{9A19103F-16F7-4668-BE54-9A1E7A4F7556}") = "BullsAndCows", "BullsAndCows\BullsAndCows.csproj", "{D390A2CA-52CA-49B9-B3CD-4C548A499CCD}"
EndProject
Project("{9A19103F-16F7-4668-BE54-9A1E7A4F7556}") = "TagGame", "TagGame\TagGame.csproj", "{8E5CCD2D-EAC2-457B-86B1-77424B4AE86B}"
EndProject
Project("{9A19103F-16F7-4668-BE54-9A1E7A4F7556}") = "GuessTheNumberGame", "GuessTheNumberGame\GuessTheNumberGame.csproj", "{098D1705-6A64-4BA6-AA64-F999BEFE23D0}"
EndProject
Project("{9A19103F-16F7-4668-BE54-9A1E7A4F7556}") = "WebPortalEverthing", "WebPortalEverthing\WebPortalEverthing.csproj", "{398492F1-00A1-4F82-BAC6-C75C1F1DAC70}"
EndProject
Project("{9A19103F-16F7-4668-BE54-9A1E7A4F7556}") = "Everything.Data.Fake", "Everything.Data.Fake\Everything.Data.Fake.csproj", "{8CED9124-5DB6-4CC7-BE5D-AD13BFBDE338}"
EndProject
Project("{9A19103F-16F7-4668-BE54-9A1E7A4F7556}") = "Everything.Data.Interface", "Everything.Data.Interface\Everything.Data.Interface.csproj", "{5495057C-F0A2-43B8-8DE3-902D77D3B25F}"
EndProject
Project("{9A19103F-16F7-4668-BE54-9A1E7A4F7556}") = "LifeGame", "LifeGame\LifeGame.csproj", "{15C29ED9-32ED-49E6-B2EB-BE93A2FABA7A}"
EndProject
Project("{9A19103F-16F7-4668-BE54-9A1E7A4F7556}") = "Everything.Data", "Everything.Data\Everything.Data.csproj", "{C327C45D-54CA-457B-8D72-C8B83E7CCD54}"
EndProject
Global
	GlobalSection(SolutionConfigurationPlatforms) = preSolution
		Debug|Any CPU = Debug|Any CPU
		Release|Any CPU = Release|Any CPU
	EndGlobalSection
	GlobalSection(ProjectConfigurationPlatforms) = postSolution
		{176EA754-3C30-4884-842F-7E8EB3F2A6B2}.Debug|Any CPU.ActiveCfg = Debug|Any CPU
		{176EA754-3C30-4884-842F-7E8EB3F2A6B2}.Debug|Any CPU.Build.0 = Debug|Any CPU
		{176EA754-3C30-4884-842F-7E8EB3F2A6B2}.Release|Any CPU.ActiveCfg = Release|Any CPU
		{176EA754-3C30-4884-842F-7E8EB3F2A6B2}.Release|Any CPU.Build.0 = Release|Any CPU
		{4C9943FA-30D1-4324-B863-3A80BBDA449C}.Debug|Any CPU.ActiveCfg = Debug|Any CPU
		{4C9943FA-30D1-4324-B863-3A80BBDA449C}.Debug|Any CPU.Build.0 = Debug|Any CPU
		{4C9943FA-30D1-4324-B863-3A80BBDA449C}.Release|Any CPU.ActiveCfg = Release|Any CPU
		{4C9943FA-30D1-4324-B863-3A80BBDA449C}.Release|Any CPU.Build.0 = Release|Any CPU
		{27ECCC93-9846-4317-99E5-E367F3F13636}.Debug|Any CPU.ActiveCfg = Debug|Any CPU
		{27ECCC93-9846-4317-99E5-E367F3F13636}.Debug|Any CPU.Build.0 = Debug|Any CPU
		{27ECCC93-9846-4317-99E5-E367F3F13636}.Release|Any CPU.ActiveCfg = Release|Any CPU
		{27ECCC93-9846-4317-99E5-E367F3F13636}.Release|Any CPU.Build.0 = Release|Any CPU
		{1386F62D-1359-46B6-91B0-A3A492BBA07C}.Debug|Any CPU.ActiveCfg = Debug|Any CPU
		{1386F62D-1359-46B6-91B0-A3A492BBA07C}.Debug|Any CPU.Build.0 = Debug|Any CPU
		{1386F62D-1359-46B6-91B0-A3A492BBA07C}.Release|Any CPU.ActiveCfg = Release|Any CPU
		{1386F62D-1359-46B6-91B0-A3A492BBA07C}.Release|Any CPU.Build.0 = Release|Any CPU
		{1257091A-569A-43A5-887D-E12368D19E2C}.Debug|Any CPU.ActiveCfg = Debug|Any CPU
		{1257091A-569A-43A5-887D-E12368D19E2C}.Debug|Any CPU.Build.0 = Debug|Any CPU
		{1257091A-569A-43A5-887D-E12368D19E2C}.Release|Any CPU.ActiveCfg = Release|Any CPU
		{1257091A-569A-43A5-887D-E12368D19E2C}.Release|Any CPU.Build.0 = Release|Any CPU
		{D390A2CA-52CA-49B9-B3CD-4C548A499CCD}.Debug|Any CPU.ActiveCfg = Debug|Any CPU
		{D390A2CA-52CA-49B9-B3CD-4C548A499CCD}.Debug|Any CPU.Build.0 = Debug|Any CPU
		{D390A2CA-52CA-49B9-B3CD-4C548A499CCD}.Release|Any CPU.ActiveCfg = Release|Any CPU
		{D390A2CA-52CA-49B9-B3CD-4C548A499CCD}.Release|Any CPU.Build.0 = Release|Any CPU
		{8E5CCD2D-EAC2-457B-86B1-77424B4AE86B}.Debug|Any CPU.ActiveCfg = Debug|Any CPU
		{8E5CCD2D-EAC2-457B-86B1-77424B4AE86B}.Debug|Any CPU.Build.0 = Debug|Any CPU
		{8E5CCD2D-EAC2-457B-86B1-77424B4AE86B}.Release|Any CPU.ActiveCfg = Release|Any CPU
		{8E5CCD2D-EAC2-457B-86B1-77424B4AE86B}.Release|Any CPU.Build.0 = Release|Any CPU
		{098D1705-6A64-4BA6-AA64-F999BEFE23D0}.Debug|Any CPU.ActiveCfg = Debug|Any CPU
		{098D1705-6A64-4BA6-AA64-F999BEFE23D0}.Debug|Any CPU.Build.0 = Debug|Any CPU
		{098D1705-6A64-4BA6-AA64-F999BEFE23D0}.Release|Any CPU.ActiveCfg = Release|Any CPU
		{098D1705-6A64-4BA6-AA64-F999BEFE23D0}.Release|Any CPU.Build.0 = Release|Any CPU
		{398492F1-00A1-4F82-BAC6-C75C1F1DAC70}.Debug|Any CPU.ActiveCfg = Debug|Any CPU
		{398492F1-00A1-4F82-BAC6-C75C1F1DAC70}.Debug|Any CPU.Build.0 = Debug|Any CPU
		{398492F1-00A1-4F82-BAC6-C75C1F1DAC70}.Release|Any CPU.ActiveCfg = Release|Any CPU
		{398492F1-00A1-4F82-BAC6-C75C1F1DAC70}.Release|Any CPU.Build.0 = Release|Any CPU
		{8CED9124-5DB6-4CC7-BE5D-AD13BFBDE338}.Debug|Any CPU.ActiveCfg = Debug|Any CPU
		{8CED9124-5DB6-4CC7-BE5D-AD13BFBDE338}.Debug|Any CPU.Build.0 = Debug|Any CPU
		{8CED9124-5DB6-4CC7-BE5D-AD13BFBDE338}.Release|Any CPU.ActiveCfg = Release|Any CPU
		{8CED9124-5DB6-4CC7-BE5D-AD13BFBDE338}.Release|Any CPU.Build.0 = Release|Any CPU
		{5495057C-F0A2-43B8-8DE3-902D77D3B25F}.Debug|Any CPU.ActiveCfg = Debug|Any CPU
		{5495057C-F0A2-43B8-8DE3-902D77D3B25F}.Debug|Any CPU.Build.0 = Debug|Any CPU
		{5495057C-F0A2-43B8-8DE3-902D77D3B25F}.Release|Any CPU.ActiveCfg = Release|Any CPU
		{5495057C-F0A2-43B8-8DE3-902D77D3B25F}.Release|Any CPU.Build.0 = Release|Any CPU
		{15C29ED9-32ED-49E6-B2EB-BE93A2FABA7A}.Debug|Any CPU.ActiveCfg = Debug|Any CPU
		{15C29ED9-32ED-49E6-B2EB-BE93A2FABA7A}.Debug|Any CPU.Build.0 = Debug|Any CPU
		{15C29ED9-32ED-49E6-B2EB-BE93A2FABA7A}.Release|Any CPU.ActiveCfg = Release|Any CPU
		{15C29ED9-32ED-49E6-B2EB-BE93A2FABA7A}.Release|Any CPU.Build.0 = Release|Any CPU
		{C327C45D-54CA-457B-8D72-C8B83E7CCD54}.Debug|Any CPU.ActiveCfg = Debug|Any CPU
		{C327C45D-54CA-457B-8D72-C8B83E7CCD54}.Debug|Any CPU.Build.0 = Debug|Any CPU
		{C327C45D-54CA-457B-8D72-C8B83E7CCD54}.Release|Any CPU.ActiveCfg = Release|Any CPU
		{C327C45D-54CA-457B-8D72-C8B83E7CCD54}.Release|Any CPU.Build.0 = Release|Any CPU
	EndGlobalSection
	GlobalSection(SolutionProperties) = preSolution
		HideSolutionNode = FALSE
	EndGlobalSection
	GlobalSection(ExtensibilityGlobals) = postSolution
		SolutionGuid = {269244B2-F573-4833-9C0C-0D58523497D5}
	EndGlobalSection
EndGlobal
