
Microsoft Visual Studio Solution File, Format Version 12.00
# Visual Studio Version 17
VisualStudioVersion = 17.9.34902.65
MinimumVisualStudioVersion = 10.0.40219.1
Project("{9A19103F-16F7-4668-BE54-9A1E7A4F7556}") = "Net18Online", "Net18Online\Net18Online.csproj", "{176EA754-3C30-4884-842F-7E8EB3F2A6B2}"
EndProject
Project("{9A19103F-16F7-4668-BE54-9A1E7A4F7556}") = "MazeConsole", "MazeConsole\MazeConsole.csproj", "{4C9943FA-30D1-4324-B863-3A80BBDA449C}"
EndProject
Project("{9A19103F-16F7-4668-BE54-9A1E7A4F7556}") = "MazeCore", "MazeCore\MazeCore.csproj", "{27ECCC93-9846-4317-99E5-E367F3F13636}"
EndProject
Project("{9A19103F-16F7-4668-BE54-9A1E7A4F7556}") = "MazeCoreTest", "MazeCoreTest\MazeCoreTest.csproj", "{1386F62D-1359-46B6-91B0-A3A492BBA07C}"
EndProject
Project("{9A19103F-16F7-4668-BE54-9A1E7A4F7556}") = "GameOfLife", "GameOfLife\GameOfLife.csproj", "{3017216A-FBDC-4D61-8886-9E3DE8DA15A1}"
EndProject
Global
	GlobalSection(SolutionConfigurationPlatforms) = preSolution
		Debug|Any CPU = Debug|Any CPU
		Release|Any CPU = Release|Any CPU
	EndGlobalSection
	GlobalSection(ProjectConfigurationPlatforms) = postSolution
		{176EA754-3C30-4884-842F-7E8EB3F2A6B2}.Debug|Any CPU.ActiveCfg = Debug|Any CPU
		{176EA754-3C30-4884-842F-7E8EB3F2A6B2}.Debug|Any CPU.Build.0 = Debug|Any CPU
		{176EA754-3C30-4884-842F-7E8EB3F2A6B2}.Release|Any CPU.ActiveCfg = Release|Any CPU
		{176EA754-3C30-4884-842F-7E8EB3F2A6B2}.Release|Any CPU.Build.0 = Release|Any CPU
		{4C9943FA-30D1-4324-B863-3A80BBDA449C}.Debug|Any CPU.ActiveCfg = Debug|Any CPU
		{4C9943FA-30D1-4324-B863-3A80BBDA449C}.Debug|Any CPU.Build.0 = Debug|Any CPU
		{4C9943FA-30D1-4324-B863-3A80BBDA449C}.Release|Any CPU.ActiveCfg = Release|Any CPU
		{4C9943FA-30D1-4324-B863-3A80BBDA449C}.Release|Any CPU.Build.0 = Release|Any CPU
		{27ECCC93-9846-4317-99E5-E367F3F13636}.Debug|Any CPU.ActiveCfg = Debug|Any CPU
		{27ECCC93-9846-4317-99E5-E367F3F13636}.Debug|Any CPU.Build.0 = Debug|Any CPU
		{27ECCC93-9846-4317-99E5-E367F3F13636}.Release|Any CPU.ActiveCfg = Release|Any CPU
		{27ECCC93-9846-4317-99E5-E367F3F13636}.Release|Any CPU.Build.0 = Release|Any CPU
		{1386F62D-1359-46B6-91B0-A3A492BBA07C}.Debug|Any CPU.ActiveCfg = Debug|Any CPU
		{1386F62D-1359-46B6-91B0-A3A492BBA07C}.Debug|Any CPU.Build.0 = Debug|Any CPU
		{1386F62D-1359-46B6-91B0-A3A492BBA07C}.Release|Any CPU.ActiveCfg = Release|Any CPU
		{1386F62D-1359-46B6-91B0-A3A492BBA07C}.Release|Any CPU.Build.0 = Release|Any CPU
		{3017216A-FBDC-4D61-8886-9E3DE8DA15A1}.Debug|Any CPU.ActiveCfg = Debug|Any CPU
		{3017216A-FBDC-4D61-8886-9E3DE8DA15A1}.Debug|Any CPU.Build.0 = Debug|Any CPU
		{3017216A-FBDC-4D61-8886-9E3DE8DA15A1}.Release|Any CPU.ActiveCfg = Release|Any CPU
		{3017216A-FBDC-4D61-8886-9E3DE8DA15A1}.Release|Any CPU.Build.0 = Release|Any CPU
	EndGlobalSection
	GlobalSection(SolutionProperties) = preSolution
		HideSolutionNode = FALSE
	EndGlobalSection
	GlobalSection(ExtensibilityGlobals) = postSolution
		SolutionGuid = {269244B2-F573-4833-9C0C-0D58523497D5}
	EndGlobalSection
EndGlobal
